// !$*UTF8*$!
{
	archiveVersion = 1;
	classes = {
	};
	objectVersion = 56;
	objects = {

/* Begin PBXBuildFile section */
		82E272AE2D543CA0006C9C9D /* RelayApp.swift in Sources */ = {isa = PBXBuildFile; fileRef = 82E272AD2D543CA0006C9C9D /* RelayApp.swift */; };
		82E272B02D543CA0006C9C9D /* ContentView.swift in Sources */ = {isa = PBXBuildFile; fileRef = 82E272AF2D543CA0006C9C9D /* ContentView.swift */; };
		82E272B22D543CA1006C9C9D /* Assets.xcassets in Resources */ = {isa = PBXBuildFile; fileRef = 82E272B12D543CA1006C9C9D /* Assets.xcassets */; };
		82E272B62D543CA1006C9C9D /* Preview Assets.xcassets in Resources */ = {isa = PBXBuildFile; fileRef = 82E272B52D543CA1006C9C9D /* Preview Assets.xcassets */; };
		82E272C02D543CA1006C9C9D /* RelayTests.swift in Sources */ = {isa = PBXBuildFile; fileRef = 82E272BF2D543CA1006C9C9D /* RelayTests.swift */; };
		82E272CA2D543CA1006C9C9D /* RelayUITests.swift in Sources */ = {isa = PBXBuildFile; fileRef = 82E272C92D543CA1006C9C9D /* RelayUITests.swift */; };
		82E272CC2D543CA1006C9C9D /* RelayUITestsLaunchTests.swift in Sources */ = {isa = PBXBuildFile; fileRef = 82E272CB2D543CA1006C9C9D /* RelayUITestsLaunchTests.swift */; };
		82E272D92D544470006C9C9D /* RelayTabView.swift in Sources */ = {isa = PBXBuildFile; fileRef = 82E272D82D544470006C9C9D /* RelayTabView.swift */; };
		82E272DB2D54454B006C9C9D /* HomeView.swift in Sources */ = {isa = PBXBuildFile; fileRef = 82E272DA2D54454B006C9C9D /* HomeView.swift */; };
		82E272DD2D544750006C9C9D /* RelayLaunchScreen.storyboard in Resources */ = {isa = PBXBuildFile; fileRef = 82E272DC2D544750006C9C9D /* RelayLaunchScreen.storyboard */; };
/* End PBXBuildFile section */

/* Begin PBXContainerItemProxy section */
		82E272BC2D543CA1006C9C9D /* PBXContainerItemProxy */ = {
			isa = PBXContainerItemProxy;
			containerPortal = 82E272A22D543CA0006C9C9D /* Project object */;
			proxyType = 1;
			remoteGlobalIDString = 82E272A92D543CA0006C9C9D;
			remoteInfo = Relay;
		};
		82E272C62D543CA1006C9C9D /* PBXContainerItemProxy */ = {
			isa = PBXContainerItemProxy;
			containerPortal = 82E272A22D543CA0006C9C9D /* Project object */;
			proxyType = 1;
			remoteGlobalIDString = 82E272A92D543CA0006C9C9D;
			remoteInfo = Relay;
		};
/* End PBXContainerItemProxy section */

/* Begin PBXFileReference section */
		82E272AA2D543CA0006C9C9D /* Relay.app */ = {isa = PBXFileReference; explicitFileType = wrapper.application; includeInIndex = 0; path = Relay.app; sourceTree = BUILT_PRODUCTS_DIR; };
		82E272AD2D543CA0006C9C9D /* RelayApp.swift */ = {isa = PBXFileReference; lastKnownFileType = sourcecode.swift; path = RelayApp.swift; sourceTree = "<group>"; };
		82E272AF2D543CA0006C9C9D /* ContentView.swift */ = {isa = PBXFileReference; lastKnownFileType = sourcecode.swift; path = ContentView.swift; sourceTree = "<group>"; };
		82E272B12D543CA1006C9C9D /* Assets.xcassets */ = {isa = PBXFileReference; lastKnownFileType = folder.assetcatalog; path = Assets.xcassets; sourceTree = "<group>"; };
		82E272B32D543CA1006C9C9D /* Relay.entitlements */ = {isa = PBXFileReference; lastKnownFileType = text.plist.entitlements; path = Relay.entitlements; sourceTree = "<group>"; };
		82E272B52D543CA1006C9C9D /* Preview Assets.xcassets */ = {isa = PBXFileReference; lastKnownFileType = folder.assetcatalog; path = "Preview Assets.xcassets"; sourceTree = "<group>"; };
		82E272BB2D543CA1006C9C9D /* RelayTests.xctest */ = {isa = PBXFileReference; explicitFileType = wrapper.cfbundle; includeInIndex = 0; path = RelayTests.xctest; sourceTree = BUILT_PRODUCTS_DIR; };
		82E272BF2D543CA1006C9C9D /* RelayTests.swift */ = {isa = PBXFileReference; lastKnownFileType = sourcecode.swift; path = RelayTests.swift; sourceTree = "<group>"; };
		82E272C52D543CA1006C9C9D /* RelayUITests.xctest */ = {isa = PBXFileReference; explicitFileType = wrapper.cfbundle; includeInIndex = 0; path = RelayUITests.xctest; sourceTree = BUILT_PRODUCTS_DIR; };
		82E272C92D543CA1006C9C9D /* RelayUITests.swift */ = {isa = PBXFileReference; lastKnownFileType = sourcecode.swift; path = RelayUITests.swift; sourceTree = "<group>"; };
		82E272CB2D543CA1006C9C9D /* RelayUITestsLaunchTests.swift */ = {isa = PBXFileReference; lastKnownFileType = sourcecode.swift; path = RelayUITestsLaunchTests.swift; sourceTree = "<group>"; };
		82E272D82D544470006C9C9D /* RelayTabView.swift */ = {isa = PBXFileReference; lastKnownFileType = sourcecode.swift; path = RelayTabView.swift; sourceTree = "<group>"; };
		82E272DA2D54454B006C9C9D /* HomeView.swift */ = {isa = PBXFileReference; lastKnownFileType = sourcecode.swift; path = HomeView.swift; sourceTree = "<group>"; };
		82E272DC2D544750006C9C9D /* RelayLaunchScreen.storyboard */ = {isa = PBXFileReference; lastKnownFileType = file.storyboard; path = RelayLaunchScreen.storyboard; sourceTree = "<group>"; };
/* End PBXFileReference section */

/* Begin PBXFrameworksBuildPhase section */
		82E272A72D543CA0006C9C9D /* Frameworks */ = {
			isa = PBXFrameworksBuildPhase;
			buildActionMask = 2147483647;
			files = (
			);
			runOnlyForDeploymentPostprocessing = 0;
		};
		82E272B82D543CA1006C9C9D /* Frameworks */ = {
			isa = PBXFrameworksBuildPhase;
			buildActionMask = 2147483647;
			files = (
			);
			runOnlyForDeploymentPostprocessing = 0;
		};
		82E272C22D543CA1006C9C9D /* Frameworks */ = {
			isa = PBXFrameworksBuildPhase;
			buildActionMask = 2147483647;
			files = (
			);
			runOnlyForDeploymentPostprocessing = 0;
		};
/* End PBXFrameworksBuildPhase section */

/* Begin PBXGroup section */
		82E272A12D543CA0006C9C9D = {
			isa = PBXGroup;
			children = (
				82E272AC2D543CA0006C9C9D /* Relay */,
				82E272BE2D543CA1006C9C9D /* RelayTests */,
				82E272C82D543CA1006C9C9D /* RelayUITests */,
				82E272AB2D543CA0006C9C9D /* Products */,
			);
			sourceTree = "<group>";
		};
		82E272AB2D543CA0006C9C9D /* Products */ = {
			isa = PBXGroup;
			children = (
				82E272AA2D543CA0006C9C9D /* Relay.app */,
				82E272BB2D543CA1006C9C9D /* RelayTests.xctest */,
				82E272C52D543CA1006C9C9D /* RelayUITests.xctest */,
			);
			name = Products;
			sourceTree = "<group>";
		};
		82E272AC2D543CA0006C9C9D /* Relay */ = {
			isa = PBXGroup;
			children = (
				82E272AD2D543CA0006C9C9D /* RelayApp.swift */,
				82E272AF2D543CA0006C9C9D /* ContentView.swift */,
				82E272B12D543CA1006C9C9D /* Assets.xcassets */,
				82E272B32D543CA1006C9C9D /* Relay.entitlements */,
				82E272B42D543CA1006C9C9D /* Preview Content */,
				82E272D82D544470006C9C9D /* RelayTabView.swift */,
				82E272DA2D54454B006C9C9D /* HomeView.swift */,
				82E272DC2D544750006C9C9D /* RelayLaunchScreen.storyboard */,
			);
			path = Relay;
			sourceTree = "<group>";
		};
		82E272B42D543CA1006C9C9D /* Preview Content */ = {
			isa = PBXGroup;
			children = (
				82E272B52D543CA1006C9C9D /* Preview Assets.xcassets */,
			);
			path = "Preview Content";
			sourceTree = "<group>";
		};
		82E272BE2D543CA1006C9C9D /* RelayTests */ = {
			isa = PBXGroup;
			children = (
				82E272BF2D543CA1006C9C9D /* RelayTests.swift */,
			);
			path = RelayTests;
			sourceTree = "<group>";
		};
		82E272C82D543CA1006C9C9D /* RelayUITests */ = {
			isa = PBXGroup;
			children = (
				82E272C92D543CA1006C9C9D /* RelayUITests.swift */,
				82E272CB2D543CA1006C9C9D /* RelayUITestsLaunchTests.swift */,
			);
			path = RelayUITests;
			sourceTree = "<group>";
		};
/* End PBXGroup section */

/* Begin PBXNativeTarget section */
		82E272A92D543CA0006C9C9D /* Relay */ = {
			isa = PBXNativeTarget;
			buildConfigurationList = 82E272CF2D543CA1006C9C9D /* Build configuration list for PBXNativeTarget "Relay" */;
			buildPhases = (
				82E272A62D543CA0006C9C9D /* Sources */,
				82E272A72D543CA0006C9C9D /* Frameworks */,
				82E272A82D543CA0006C9C9D /* Resources */,
			);
			buildRules = (
			);
			dependencies = (
			);
			name = Relay;
			productName = Relay;
			productReference = 82E272AA2D543CA0006C9C9D /* Relay.app */;
			productType = "com.apple.product-type.application";
		};
		82E272BA2D543CA1006C9C9D /* RelayTests */ = {
			isa = PBXNativeTarget;
			buildConfigurationList = 82E272D22D543CA1006C9C9D /* Build configuration list for PBXNativeTarget "RelayTests" */;
			buildPhases = (
				82E272B72D543CA1006C9C9D /* Sources */,
				82E272B82D543CA1006C9C9D /* Frameworks */,
				82E272B92D543CA1006C9C9D /* Resources */,
			);
			buildRules = (
			);
			dependencies = (
				82E272BD2D543CA1006C9C9D /* PBXTargetDependency */,
			);
			name = RelayTests;
			productName = RelayTests;
			productReference = 82E272BB2D543CA1006C9C9D /* RelayTests.xctest */;
			productType = "com.apple.product-type.bundle.unit-test";
		};
		82E272C42D543CA1006C9C9D /* RelayUITests */ = {
			isa = PBXNativeTarget;
			buildConfigurationList = 82E272D52D543CA1006C9C9D /* Build configuration list for PBXNativeTarget "RelayUITests" */;
			buildPhases = (
				82E272C12D543CA1006C9C9D /* Sources */,
				82E272C22D543CA1006C9C9D /* Frameworks */,
				82E272C32D543CA1006C9C9D /* Resources */,
			);
			buildRules = (
			);
			dependencies = (
				82E272C72D543CA1006C9C9D /* PBXTargetDependency */,
			);
			name = RelayUITests;
			productName = RelayUITests;
			productReference = 82E272C52D543CA1006C9C9D /* RelayUITests.xctest */;
			productType = "com.apple.product-type.bundle.ui-testing";
		};
/* End PBXNativeTarget section */

/* Begin PBXProject section */
		82E272A22D543CA0006C9C9D /* Project object */ = {
			isa = PBXProject;
			attributes = {
				BuildIndependentTargetsInParallel = 1;
				LastSwiftUpdateCheck = 1540;
				LastUpgradeCheck = 1540;
				TargetAttributes = {
					82E272A92D543CA0006C9C9D = {
						CreatedOnToolsVersion = 15.4;
					};
					82E272BA2D543CA1006C9C9D = {
						CreatedOnToolsVersion = 15.4;
						TestTargetID = 82E272A92D543CA0006C9C9D;
					};
					82E272C42D543CA1006C9C9D = {
						CreatedOnToolsVersion = 15.4;
						TestTargetID = 82E272A92D543CA0006C9C9D;
					};
				};
			};
			buildConfigurationList = 82E272A52D543CA0006C9C9D /* Build configuration list for PBXProject "Relay" */;
			compatibilityVersion = "Xcode 14.0";
			developmentRegion = en;
			hasScannedForEncodings = 0;
			knownRegions = (
				en,
				Base,
			);
			mainGroup = 82E272A12D543CA0006C9C9D;
			productRefGroup = 82E272AB2D543CA0006C9C9D /* Products */;
			projectDirPath = "";
			projectRoot = "";
			targets = (
				82E272A92D543CA0006C9C9D /* Relay */,
				82E272BA2D543CA1006C9C9D /* RelayTests */,
				82E272C42D543CA1006C9C9D /* RelayUITests */,
			);
		};
/* End PBXProject section */

/* Begin PBXResourcesBuildPhase section */
		82E272A82D543CA0006C9C9D /* Resources */ = {
			isa = PBXResourcesBuildPhase;
			buildActionMask = 2147483647;
			files = (
				82E272DD2D544750006C9C9D /* RelayLaunchScreen.storyboard in Resources */,
				82E272B62D543CA1006C9C9D /* Preview Assets.xcassets in Resources */,
				82E272B22D543CA1006C9C9D /* Assets.xcassets in Resources */,
			);
			runOnlyForDeploymentPostprocessing = 0;
		};
		82E272B92D543CA1006C9C9D /* Resources */ = {
			isa = PBXResourcesBuildPhase;
			buildActionMask = 2147483647;
			files = (
			);
			runOnlyForDeploymentPostprocessing = 0;
		};
		82E272C32D543CA1006C9C9D /* Resources */ = {
			isa = PBXResourcesBuildPhase;
			buildActionMask = 2147483647;
			files = (
			);
			runOnlyForDeploymentPostprocessing = 0;
		};
/* End PBXResourcesBuildPhase section */

/* Begin PBXSourcesBuildPhase section */
		82E272A62D543CA0006C9C9D /* Sources */ = {
			isa = PBXSourcesBuildPhase;
			buildActionMask = 2147483647;
			files = (
				82E272D92D544470006C9C9D /* RelayTabView.swift in Sources */,
				82E272DB2D54454B006C9C9D /* HomeView.swift in Sources */,
				82E272B02D543CA0006C9C9D /* ContentView.swift in Sources */,
				82E272AE2D543CA0006C9C9D /* RelayApp.swift in Sources */,
			);
			runOnlyForDeploymentPostprocessing = 0;
		};
		82E272B72D543CA1006C9C9D /* Sources */ = {
			isa = PBXSourcesBuildPhase;
			buildActionMask = 2147483647;
			files = (
				82E272C02D543CA1006C9C9D /* RelayTests.swift in Sources */,
			);
			runOnlyForDeploymentPostprocessing = 0;
		};
		82E272C12D543CA1006C9C9D /* Sources */ = {
			isa = PBXSourcesBuildPhase;
			buildActionMask = 2147483647;
			files = (
				82E272CC2D543CA1006C9C9D /* RelayUITestsLaunchTests.swift in Sources */,
				82E272CA2D543CA1006C9C9D /* RelayUITests.swift in Sources */,
			);
			runOnlyForDeploymentPostprocessing = 0;
		};
/* End PBXSourcesBuildPhase section */

/* Begin PBXTargetDependency section */
		82E272BD2D543CA1006C9C9D /* PBXTargetDependency */ = {
			isa = PBXTargetDependency;
			target = 82E272A92D543CA0006C9C9D /* Relay */;
			targetProxy = 82E272BC2D543CA1006C9C9D /* PBXContainerItemProxy */;
		};
		82E272C72D543CA1006C9C9D /* PBXTargetDependency */ = {
			isa = PBXTargetDependency;
			target = 82E272A92D543CA0006C9C9D /* Relay */;
			targetProxy = 82E272C62D543CA1006C9C9D /* PBXContainerItemProxy */;
		};
/* End PBXTargetDependency section */

/* Begin XCBuildConfiguration section */
		82E272CD2D543CA1006C9C9D /* Debug */ = {
			isa = XCBuildConfiguration;
			buildSettings = {
				ALWAYS_SEARCH_USER_PATHS = NO;
				ASSETCATALOG_COMPILER_GENERATE_SWIFT_ASSET_SYMBOL_EXTENSIONS = YES;
				CLANG_ANALYZER_NONNULL = YES;
				CLANG_ANALYZER_NUMBER_OBJECT_CONVERSION = YES_AGGRESSIVE;
				CLANG_CXX_LANGUAGE_STANDARD = "gnu++20";
				CLANG_ENABLE_MODULES = YES;
				CLANG_ENABLE_OBJC_ARC = YES;
				CLANG_ENABLE_OBJC_WEAK = YES;
				CLANG_WARN_BLOCK_CAPTURE_AUTORELEASING = YES;
				CLANG_WARN_BOOL_CONVERSION = YES;
				CLANG_WARN_COMMA = YES;
				CLANG_WARN_CONSTANT_CONVERSION = YES;
				CLANG_WARN_DEPRECATED_OBJC_IMPLEMENTATIONS = YES;
				CLANG_WARN_DIRECT_OBJC_ISA_USAGE = YES_ERROR;
				CLANG_WARN_DOCUMENTATION_COMMENTS = YES;
				CLANG_WARN_EMPTY_BODY = YES;
				CLANG_WARN_ENUM_CONVERSION = YES;
				CLANG_WARN_INFINITE_RECURSION = YES;
				CLANG_WARN_INT_CONVERSION = YES;
				CLANG_WARN_NON_LITERAL_NULL_CONVERSION = YES;
				CLANG_WARN_OBJC_IMPLICIT_RETAIN_SELF = YES;
				CLANG_WARN_OBJC_LITERAL_CONVERSION = YES;
				CLANG_WARN_OBJC_ROOT_CLASS = YES_ERROR;
				CLANG_WARN_QUOTED_INCLUDE_IN_FRAMEWORK_HEADER = YES;
				CLANG_WARN_RANGE_LOOP_ANALYSIS = YES;
				CLANG_WARN_STRICT_PROTOTYPES = YES;
				CLANG_WARN_SUSPICIOUS_MOVE = YES;
				CLANG_WARN_UNGUARDED_AVAILABILITY = YES_AGGRESSIVE;
				CLANG_WARN_UNREACHABLE_CODE = YES;
				CLANG_WARN__DUPLICATE_METHOD_MATCH = YES;
				COPY_PHASE_STRIP = NO;
				DEBUG_INFORMATION_FORMAT = dwarf;
				ENABLE_STRICT_OBJC_MSGSEND = YES;
				ENABLE_TESTABILITY = YES;
				ENABLE_USER_SCRIPT_SANDBOXING = YES;
				GCC_C_LANGUAGE_STANDARD = gnu17;
				GCC_DYNAMIC_NO_PIC = NO;
				GCC_NO_COMMON_BLOCKS = YES;
				GCC_OPTIMIZATION_LEVEL = 0;
				GCC_PREPROCESSOR_DEFINITIONS = (
					"DEBUG=1",
					"$(inherited)",
				);
				GCC_WARN_64_TO_32_BIT_CONVERSION = YES;
				GCC_WARN_ABOUT_RETURN_TYPE = YES_ERROR;
				GCC_WARN_UNDECLARED_SELECTOR = YES;
				GCC_WARN_UNINITIALIZED_AUTOS = YES_AGGRESSIVE;
				GCC_WARN_UNUSED_FUNCTION = YES;
				GCC_WARN_UNUSED_VARIABLE = YES;
				LOCALIZATION_PREFERS_STRING_CATALOGS = YES;
				MTL_ENABLE_DEBUG_INFO = INCLUDE_SOURCE;
				MTL_FAST_MATH = YES;
				ONLY_ACTIVE_ARCH = YES;
				SWIFT_ACTIVE_COMPILATION_CONDITIONS = "DEBUG $(inherited)";
				SWIFT_OPTIMIZATION_LEVEL = "-Onone";
			};
			name = Debug;
		};
		82E272CE2D543CA1006C9C9D /* Release */ = {
			isa = XCBuildConfiguration;
			buildSettings = {
				ALWAYS_SEARCH_USER_PATHS = NO;
				ASSETCATALOG_COMPILER_GENERATE_SWIFT_ASSET_SYMBOL_EXTENSIONS = YES;
				CLANG_ANALYZER_NONNULL = YES;
				CLANG_ANALYZER_NUMBER_OBJECT_CONVERSION = YES_AGGRESSIVE;
				CLANG_CXX_LANGUAGE_STANDARD = "gnu++20";
				CLANG_ENABLE_MODULES = YES;
				CLANG_ENABLE_OBJC_ARC = YES;
				CLANG_ENABLE_OBJC_WEAK = YES;
				CLANG_WARN_BLOCK_CAPTURE_AUTORELEASING = YES;
				CLANG_WARN_BOOL_CONVERSION = YES;
				CLANG_WARN_COMMA = YES;
				CLANG_WARN_CONSTANT_CONVERSION = YES;
				CLANG_WARN_DEPRECATED_OBJC_IMPLEMENTATIONS = YES;
				CLANG_WARN_DIRECT_OBJC_ISA_USAGE = YES_ERROR;
				CLANG_WARN_DOCUMENTATION_COMMENTS = YES;
				CLANG_WARN_EMPTY_BODY = YES;
				CLANG_WARN_ENUM_CONVERSION = YES;
				CLANG_WARN_INFINITE_RECURSION = YES;
				CLANG_WARN_INT_CONVERSION = YES;
				CLANG_WARN_NON_LITERAL_NULL_CONVERSION = YES;
				CLANG_WARN_OBJC_IMPLICIT_RETAIN_SELF = YES;
				CLANG_WARN_OBJC_LITERAL_CONVERSION = YES;
				CLANG_WARN_OBJC_ROOT_CLASS = YES_ERROR;
				CLANG_WARN_QUOTED_INCLUDE_IN_FRAMEWORK_HEADER = YES;
				CLANG_WARN_RANGE_LOOP_ANALYSIS = YES;
				CLANG_WARN_STRICT_PROTOTYPES = YES;
				CLANG_WARN_SUSPICIOUS_MOVE = YES;
				CLANG_WARN_UNGUARDED_AVAILABILITY = YES_AGGRESSIVE;
				CLANG_WARN_UNREACHABLE_CODE = YES;
				CLANG_WARN__DUPLICATE_METHOD_MATCH = YES;
				COPY_PHASE_STRIP = NO;
				DEBUG_INFORMATION_FORMAT = "dwarf-with-dsym";
				ENABLE_NS_ASSERTIONS = NO;
				ENABLE_STRICT_OBJC_MSGSEND = YES;
				ENABLE_USER_SCRIPT_SANDBOXING = YES;
				GCC_C_LANGUAGE_STANDARD = gnu17;
				GCC_NO_COMMON_BLOCKS = YES;
				GCC_WARN_64_TO_32_BIT_CONVERSION = YES;
				GCC_WARN_ABOUT_RETURN_TYPE = YES_ERROR;
				GCC_WARN_UNDECLARED_SELECTOR = YES;
				GCC_WARN_UNINITIALIZED_AUTOS = YES_AGGRESSIVE;
				GCC_WARN_UNUSED_FUNCTION = YES;
				GCC_WARN_UNUSED_VARIABLE = YES;
				LOCALIZATION_PREFERS_STRING_CATALOGS = YES;
				MTL_ENABLE_DEBUG_INFO = NO;
				MTL_FAST_MATH = YES;
				SWIFT_COMPILATION_MODE = wholemodule;
			};
			name = Release;
		};
		82E272D02D543CA1006C9C9D /* Debug */ = {
			isa = XCBuildConfiguration;
			buildSettings = {
				ASSETCATALOG_COMPILER_APPICON_NAME = AppIcon;
				ASSETCATALOG_COMPILER_GLOBAL_ACCENT_COLOR_NAME = AccentColor;
				CODE_SIGN_ENTITLEMENTS = Relay/Relay.entitlements;
				CODE_SIGN_STYLE = Automatic;
				CURRENT_PROJECT_VERSION = 1;
				DEVELOPMENT_ASSET_PATHS = "\"Relay/Preview Content\"";
				ENABLE_PREVIEWS = YES;
				GENERATE_INFOPLIST_FILE = YES;
				"INFOPLIST_KEY_UIApplicationSceneManifest_Generation[sdk=iphoneos*]" = YES;
				"INFOPLIST_KEY_UIApplicationSceneManifest_Generation[sdk=iphonesimulator*]" = YES;
				"INFOPLIST_KEY_UIApplicationSupportsIndirectInputEvents[sdk=iphoneos*]" = YES;
				"INFOPLIST_KEY_UIApplicationSupportsIndirectInputEvents[sdk=iphonesimulator*]" = YES;
				"INFOPLIST_KEY_UILaunchScreen_Generation[sdk=iphoneos*]" = YES;
				"INFOPLIST_KEY_UILaunchScreen_Generation[sdk=iphonesimulator*]" = YES;
				"INFOPLIST_KEY_UIStatusBarStyle[sdk=iphoneos*]" = UIStatusBarStyleDefault;
				"INFOPLIST_KEY_UIStatusBarStyle[sdk=iphonesimulator*]" = UIStatusBarStyleDefault;
				INFOPLIST_KEY_UISupportedInterfaceOrientations_iPad = "UIInterfaceOrientationPortrait UIInterfaceOrientationPortraitUpsideDown UIInterfaceOrientationLandscapeLeft UIInterfaceOrientationLandscapeRight";
				INFOPLIST_KEY_UISupportedInterfaceOrientations_iPhone = "UIInterfaceOrientationPortrait UIInterfaceOrientationLandscapeLeft UIInterfaceOrientationLandscapeRight";
				IPHONEOS_DEPLOYMENT_TARGET = 17.5;
				LD_RUNPATH_SEARCH_PATHS = "@executable_path/Frameworks";
				"LD_RUNPATH_SEARCH_PATHS[sdk=macosx*]" = "@executable_path/../Frameworks";
				MACOSX_DEPLOYMENT_TARGET = 14.4;
				MARKETING_VERSION = 1.0;
				PRODUCT_BUNDLE_IDENTIFIER = BernnyVelasquez.Relay;
				PRODUCT_NAME = "$(TARGET_NAME)";
				SDKROOT = auto;
				SUPPORTED_PLATFORMS = "iphoneos iphonesimulator macosx";
				SWIFT_EMIT_LOC_STRINGS = YES;
				SWIFT_VERSION = 5.0;
				TARGETED_DEVICE_FAMILY = "1,2";
			};
			name = Debug;
		};
		82E272D12D543CA1006C9C9D /* Release */ = {
			isa = XCBuildConfiguration;
			buildSettings = {
				ASSETCATALOG_COMPILER_APPICON_NAME = AppIcon;
				ASSETCATALOG_COMPILER_GLOBAL_ACCENT_COLOR_NAME = AccentColor;
				CODE_SIGN_ENTITLEMENTS = Relay/Relay.entitlements;
				CODE_SIGN_STYLE = Automatic;
				CURRENT_PROJECT_VERSION = 1;
				DEVELOPMENT_ASSET_PATHS = "\"Relay/Preview Content\"";
				ENABLE_PREVIEWS = YES;
				GENERATE_INFOPLIST_FILE = YES;
				"INFOPLIST_KEY_UIApplicationSceneManifest_Generation[sdk=iphoneos*]" = YES;
				"INFOPLIST_KEY_UIApplicationSceneManifest_Generation[sdk=iphonesimulator*]" = YES;
				"INFOPLIST_KEY_UIApplicationSupportsIndirectInputEvents[sdk=iphoneos*]" = YES;
				"INFOPLIST_KEY_UIApplicationSupportsIndirectInputEvents[sdk=iphonesimulator*]" = YES;
				"INFOPLIST_KEY_UILaunchScreen_Generation[sdk=iphoneos*]" = YES;
				"INFOPLIST_KEY_UILaunchScreen_Generation[sdk=iphonesimulator*]" = YES;
				"INFOPLIST_KEY_UIStatusBarStyle[sdk=iphoneos*]" = UIStatusBarStyleDefault;
				"INFOPLIST_KEY_UIStatusBarStyle[sdk=iphonesimulator*]" = UIStatusBarStyleDefault;
				INFOPLIST_KEY_UISupportedInterfaceOrientations_iPad = "UIInterfaceOrientationPortrait UIInterfaceOrientationPortraitUpsideDown UIInterfaceOrientationLandscapeLeft UIInterfaceOrientationLandscapeRight";
				INFOPLIST_KEY_UISupportedInterfaceOrientations_iPhone = "UIInterfaceOrientationPortrait UIInterfaceOrientationLandscapeLeft UIInterfaceOrientationLandscapeRight";
				IPHONEOS_DEPLOYMENT_TARGET = 17.5;
				LD_RUNPATH_SEARCH_PATHS = "@executable_path/Frameworks";
				"LD_RUNPATH_SEARCH_PATHS[sdk=macosx*]" = "@executable_path/../Frameworks";
				MACOSX_DEPLOYMENT_TARGET = 14.4;
				MARKETING_VERSION = 1.0;
				PRODUCT_BUNDLE_IDENTIFIER = BernnyVelasquez.Relay;
				PRODUCT_NAME = "$(TARGET_NAME)";
				SDKROOT = auto;
				SUPPORTED_PLATFORMS = "iphoneos iphonesimulator macosx";
				SWIFT_EMIT_LOC_STRINGS = YES;
				SWIFT_VERSION = 5.0;
				TARGETED_DEVICE_FAMILY = "1,2";
			};
			name = Release;
		};
		82E272D32D543CA1006C9C9D /* Debug */ = {
			isa = XCBuildConfiguration;
			buildSettings = {
				ALWAYS_EMBED_SWIFT_STANDARD_LIBRARIES = YES;
				BUNDLE_LOADER = "$(TEST_HOST)";
				CODE_SIGN_STYLE = Automatic;
				CURRENT_PROJECT_VERSION = 1;
				GENERATE_INFOPLIST_FILE = YES;
				IPHONEOS_DEPLOYMENT_TARGET = 17.5;
				MACOSX_DEPLOYMENT_TARGET = 14.4;
				MARKETING_VERSION = 1.0;
				PRODUCT_BUNDLE_IDENTIFIER = BernnyVelasquez.RelayTests;
				PRODUCT_NAME = "$(TARGET_NAME)";
				SDKROOT = auto;
				SUPPORTED_PLATFORMS = "iphoneos iphonesimulator macosx";
				SWIFT_EMIT_LOC_STRINGS = NO;
				SWIFT_VERSION = 5.0;
				TARGETED_DEVICE_FAMILY = "1,2";
				TEST_HOST = "$(BUILT_PRODUCTS_DIR)/Relay.app/$(BUNDLE_EXECUTABLE_FOLDER_PATH)/Relay";
			};
			name = Debug;
		};
		82E272D42D543CA1006C9C9D /* Release */ = {
			isa = XCBuildConfiguration;
			buildSettings = {
				ALWAYS_EMBED_SWIFT_STANDARD_LIBRARIES = YES;
				BUNDLE_LOADER = "$(TEST_HOST)";
				CODE_SIGN_STYLE = Automatic;
				CURRENT_PROJECT_VERSION = 1;
				GENERATE_INFOPLIST_FILE = YES;
				IPHONEOS_DEPLOYMENT_TARGET = 17.5;
				MACOSX_DEPLOYMENT_TARGET = 14.4;
				MARKETING_VERSION = 1.0;
				PRODUCT_BUNDLE_IDENTIFIER = BernnyVelasquez.RelayTests;
				PRODUCT_NAME = "$(TARGET_NAME)";
				SDKROOT = auto;
				SUPPORTED_PLATFORMS = "iphoneos iphonesimulator macosx";
				SWIFT_EMIT_LOC_STRINGS = NO;
				SWIFT_VERSION = 5.0;
				TARGETED_DEVICE_FAMILY = "1,2";
				TEST_HOST = "$(BUILT_PRODUCTS_DIR)/Relay.app/$(BUNDLE_EXECUTABLE_FOLDER_PATH)/Relay";
			};
			name = Release;
		};
		82E272D62D543CA1006C9C9D /* Debug */ = {
			isa = XCBuildConfiguration;
			buildSettings = {
				ALWAYS_EMBED_SWIFT_STANDARD_LIBRARIES = YES;
				CODE_SIGN_STYLE = Automatic;
				CURRENT_PROJECT_VERSION = 1;
				GENERATE_INFOPLIST_FILE = YES;
				IPHONEOS_DEPLOYMENT_TARGET = 17.5;
				MACOSX_DEPLOYMENT_TARGET = 14.4;
				MARKETING_VERSION = 1.0;
				PRODUCT_BUNDLE_IDENTIFIER = BernnyVelasquez.RelayUITests;
				PRODUCT_NAME = "$(TARGET_NAME)";
				SDKROOT = auto;
				SUPPORTED_PLATFORMS = "iphoneos iphonesimulator macosx";
				SWIFT_EMIT_LOC_STRINGS = NO;
				SWIFT_VERSION = 5.0;
				TARGETED_DEVICE_FAMILY = "1,2";
				TEST_TARGET_NAME = Relay;
			};
			name = Debug;
		};
		82E272D72D543CA1006C9C9D /* Release */ = {
			isa = XCBuildConfiguration;
			buildSettings = {
				ALWAYS_EMBED_SWIFT_STANDARD_LIBRARIES = YES;
				CODE_SIGN_STYLE = Automatic;
				CURRENT_PROJECT_VERSION = 1;
				GENERATE_INFOPLIST_FILE = YES;
				IPHONEOS_DEPLOYMENT_TARGET = 17.5;
				MACOSX_DEPLOYMENT_TARGET = 14.4;
				MARKETING_VERSION = 1.0;
				PRODUCT_BUNDLE_IDENTIFIER = BernnyVelasquez.RelayUITests;
				PRODUCT_NAME = "$(TARGET_NAME)";
				SDKROOT = auto;
				SUPPORTED_PLATFORMS = "iphoneos iphonesimulator macosx";
				SWIFT_EMIT_LOC_STRINGS = NO;
				SWIFT_VERSION = 5.0;
				TARGETED_DEVICE_FAMILY = "1,2";
				TEST_TARGET_NAME = Relay;
			};
			name = Release;
		};
/* End XCBuildConfiguration section */

/* Begin XCConfigurationList section */
		82E272A52D543CA0006C9C9D /* Build configuration list for PBXProject "Relay" */ = {
			isa = XCConfigurationList;
			buildConfigurations = (
				82E272CD2D543CA1006C9C9D /* Debug */,
				82E272CE2D543CA1006C9C9D /* Release */,
			);
			defaultConfigurationIsVisible = 0;
			defaultConfigurationName = Release;
		};
		82E272CF2D543CA1006C9C9D /* Build configuration list for PBXNativeTarget "Relay" */ = {
			isa = XCConfigurationList;
			buildConfigurations = (
				82E272D02D543CA1006C9C9D /* Debug */,
				82E272D12D543CA1006C9C9D /* Release */,
			);
			defaultConfigurationIsVisible = 0;
			defaultConfigurationName = Release;
		};
		82E272D22D543CA1006C9C9D /* Build configuration list for PBXNativeTarget "RelayTests" */ = {
			isa = XCConfigurationList;
			buildConfigurations = (
				82E272D32D543CA1006C9C9D /* Debug */,
				82E272D42D543CA1006C9C9D /* Release */,
			);
			defaultConfigurationIsVisible = 0;
			defaultConfigurationName = Release;
		};
		82E272D52D543CA1006C9C9D /* Build configuration list for PBXNativeTarget "RelayUITests" */ = {
			isa = XCConfigurationList;
			buildConfigurations = (
				82E272D62D543CA1006C9C9D /* Debug */,
				82E272D72D543CA1006C9C9D /* Release */,
			);
			defaultConfigurationIsVisible = 0;
			defaultConfigurationName = Release;
		};
/* End XCConfigurationList section */
	};
	rootObject = 82E272A22D543CA0006C9C9D /* Project object */;
}
